// !$*UTF8*$!
{
	archiveVersion = 1;
	classes = {
	};
	objectVersion = 46;
	objects = {

/* Begin PBXBuildFile section */
		C416B40FC2DAF3F05CC3FF26 /* Pods_pokemongotradcenterios.framework in Frameworks */ = {isa = PBXBuildFile; fileRef = 2DEA0CA5C3F30CD1C427440D /* Pods_pokemongotradcenterios.framework */; };
		CD0FB6731E12AFCE001257A9 /* CustomCell.swift in Sources */ = {isa = PBXBuildFile; fileRef = CD0FB6721E12AFCE001257A9 /* CustomCell.swift */; };
		CD0FB6771E12EECC001257A9 /* MyPokemonsController.swift in Sources */ = {isa = PBXBuildFile; fileRef = CD0FB6761E12EECC001257A9 /* MyPokemonsController.swift */; };
		CD0FB6791E130670001257A9 /* CustomCellMyPokemons.swift in Sources */ = {isa = PBXBuildFile; fileRef = CD0FB6781E130670001257A9 /* CustomCellMyPokemons.swift */; };
		CD18BD681E10AC1F00C29972 /* Pokemon.swift in Sources */ = {isa = PBXBuildFile; fileRef = CD18BD671E10AC1F00C29972 /* Pokemon.swift */; };
		CD18BD6A1E11B27100C29972 /* PopulatePokemons.swift in Sources */ = {isa = PBXBuildFile; fileRef = CD18BD691E11B27100C29972 /* PopulatePokemons.swift */; };
		CD2DE5EA1E16E02400899AFD /* Message.swift in Sources */ = {isa = PBXBuildFile; fileRef = CD2DE5E91E16E02400899AFD /* Message.swift */; };
		CD2DE5EC1E170FDD00899AFD /* ChatMessageCell.swift in Sources */ = {isa = PBXBuildFile; fileRef = CD2DE5EB1E170FDD00899AFD /* ChatMessageCell.swift */; };
		CDADF0831E0C6D39000C2927 /* AppDelegate.swift in Sources */ = {isa = PBXBuildFile; fileRef = CDADF0821E0C6D39000C2927 /* AppDelegate.swift */; };
		CDADF0851E0C6D39000C2927 /* FirstViewController.swift in Sources */ = {isa = PBXBuildFile; fileRef = CDADF0841E0C6D39000C2927 /* FirstViewController.swift */; };
		CDADF0871E0C6D39000C2927 /* SecondViewController.swift in Sources */ = {isa = PBXBuildFile; fileRef = CDADF0861E0C6D39000C2927 /* SecondViewController.swift */; };
		CDADF08A1E0C6D39000C2927 /* Main.storyboard in Resources */ = {isa = PBXBuildFile; fileRef = CDADF0881E0C6D39000C2927 /* Main.storyboard */; };
		CDADF08C1E0C6D39000C2927 /* Assets.xcassets in Resources */ = {isa = PBXBuildFile; fileRef = CDADF08B1E0C6D39000C2927 /* Assets.xcassets */; };
		CDADF08F1E0C6D39000C2927 /* LaunchScreen.storyboard in Resources */ = {isa = PBXBuildFile; fileRef = CDADF08D1E0C6D39000C2927 /* LaunchScreen.storyboard */; };
		CDADF0971E0C8E32000C2927 /* ThirdViewController.swift in Sources */ = {isa = PBXBuildFile; fileRef = CDADF0961E0C8E32000C2927 /* ThirdViewController.swift */; };
		CDC01E811E0DB783001470E4 /* GoogleService-Info.plist in Resources */ = {isa = PBXBuildFile; fileRef = CDC01E801E0DB783001470E4 /* GoogleService-Info.plist */; };
		CDC01E831E0F40F4001470E4 /* AddPokemonViewController.swift in Sources */ = {isa = PBXBuildFile; fileRef = CDC01E821E0F40F4001470E4 /* AddPokemonViewController.swift */; };
		CDC01E851E0F46D2001470E4 /* pokemonsNames.swift in Sources */ = {isa = PBXBuildFile; fileRef = CDC01E841E0F46D2001470E4 /* pokemonsNames.swift */; };
		CDE338981E15C6DC00F97E48 /* SendMessageViewController.swift in Sources */ = {isa = PBXBuildFile; fileRef = CDE338971E15C6DC00F97E48 /* SendMessageViewController.swift */; };
		CDF0A0CF1E14E5EC00DF1269 /* ChatLogController.swift in Sources */ = {isa = PBXBuildFile; fileRef = CDF0A0CE1E14E5EC00DF1269 /* ChatLogController.swift */; };
/* End PBXBuildFile section */

/* Begin PBXFileReference section */
		2DEA0CA5C3F30CD1C427440D /* Pods_pokemongotradcenterios.framework */ = {isa = PBXFileReference; explicitFileType = wrapper.framework; includeInIndex = 0; path = Pods_pokemongotradcenterios.framework; sourceTree = BUILT_PRODUCTS_DIR; };
		606609AAA3B742A7FA14B491 /* Pods-pokemongotradcenterios.release.xcconfig */ = {isa = PBXFileReference; includeInIndex = 1; lastKnownFileType = text.xcconfig; name = "Pods-pokemongotradcenterios.release.xcconfig"; path = "Pods/Target Support Files/Pods-pokemongotradcenterios/Pods-pokemongotradcenterios.release.xcconfig"; sourceTree = "<group>"; };
		CD0FB6721E12AFCE001257A9 /* CustomCell.swift */ = {isa = PBXFileReference; fileEncoding = 4; lastKnownFileType = sourcecode.swift; name = CustomCell.swift; path = ../CustomCell.swift; sourceTree = "<group>"; };
		CD0FB6761E12EECC001257A9 /* MyPokemonsController.swift */ = {isa = PBXFileReference; fileEncoding = 4; lastKnownFileType = sourcecode.swift; path = MyPokemonsController.swift; sourceTree = "<group>"; };
		CD0FB6781E130670001257A9 /* CustomCellMyPokemons.swift */ = {isa = PBXFileReference; fileEncoding = 4; lastKnownFileType = sourcecode.swift; path = CustomCellMyPokemons.swift; sourceTree = "<group>"; };
		CD18BD671E10AC1F00C29972 /* Pokemon.swift */ = {isa = PBXFileReference; fileEncoding = 4; lastKnownFileType = sourcecode.swift; path = Pokemon.swift; sourceTree = "<group>"; };
		CD18BD691E11B27100C29972 /* PopulatePokemons.swift */ = {isa = PBXFileReference; fileEncoding = 4; lastKnownFileType = sourcecode.swift; path = PopulatePokemons.swift; sourceTree = "<group>"; };
		CD2DE5E91E16E02400899AFD /* Message.swift */ = {isa = PBXFileReference; fileEncoding = 4; lastKnownFileType = sourcecode.swift; path = Message.swift; sourceTree = "<group>"; };
		CD2DE5EB1E170FDD00899AFD /* ChatMessageCell.swift */ = {isa = PBXFileReference; fileEncoding = 4; lastKnownFileType = sourcecode.swift; path = ChatMessageCell.swift; sourceTree = "<group>"; };
		CDADF07F1E0C6D39000C2927 /* pokemongotradcenterios.app */ = {isa = PBXFileReference; explicitFileType = wrapper.application; includeInIndex = 0; path = pokemongotradcenterios.app; sourceTree = BUILT_PRODUCTS_DIR; };
		CDADF0821E0C6D39000C2927 /* AppDelegate.swift */ = {isa = PBXFileReference; lastKnownFileType = sourcecode.swift; path = AppDelegate.swift; sourceTree = "<group>"; };
		CDADF0841E0C6D39000C2927 /* FirstViewController.swift */ = {isa = PBXFileReference; lastKnownFileType = sourcecode.swift; path = FirstViewController.swift; sourceTree = "<group>"; };
		CDADF0861E0C6D39000C2927 /* SecondViewController.swift */ = {isa = PBXFileReference; lastKnownFileType = sourcecode.swift; path = SecondViewController.swift; sourceTree = "<group>"; };
		CDADF0891E0C6D39000C2927 /* Base */ = {isa = PBXFileReference; lastKnownFileType = file.storyboard; name = Base; path = Base.lproj/Main.storyboard; sourceTree = "<group>"; };
		CDADF08B1E0C6D39000C2927 /* Assets.xcassets */ = {isa = PBXFileReference; lastKnownFileType = folder.assetcatalog; path = Assets.xcassets; sourceTree = "<group>"; };
		CDADF08E1E0C6D39000C2927 /* Base */ = {isa = PBXFileReference; lastKnownFileType = file.storyboard; name = Base; path = Base.lproj/LaunchScreen.storyboard; sourceTree = "<group>"; };
		CDADF0901E0C6D39000C2927 /* Info.plist */ = {isa = PBXFileReference; lastKnownFileType = text.plist.xml; path = Info.plist; sourceTree = "<group>"; };
		CDADF0961E0C8E32000C2927 /* ThirdViewController.swift */ = {isa = PBXFileReference; fileEncoding = 4; lastKnownFileType = sourcecode.swift; path = ThirdViewController.swift; sourceTree = "<group>"; };
		CDC01E801E0DB783001470E4 /* GoogleService-Info.plist */ = {isa = PBXFileReference; fileEncoding = 4; lastKnownFileType = text.plist.xml; path = "GoogleService-Info.plist"; sourceTree = "<group>"; };
		CDC01E821E0F40F4001470E4 /* AddPokemonViewController.swift */ = {isa = PBXFileReference; fileEncoding = 4; lastKnownFileType = sourcecode.swift; path = AddPokemonViewController.swift; sourceTree = "<group>"; };
		CDC01E841E0F46D2001470E4 /* pokemonsNames.swift */ = {isa = PBXFileReference; fileEncoding = 4; lastKnownFileType = sourcecode.swift; path = pokemonsNames.swift; sourceTree = "<group>"; };
		CDE338971E15C6DC00F97E48 /* SendMessageViewController.swift */ = {isa = PBXFileReference; fileEncoding = 4; lastKnownFileType = sourcecode.swift; path = SendMessageViewController.swift; sourceTree = "<group>"; };
		CDF0A0CE1E14E5EC00DF1269 /* ChatLogController.swift */ = {isa = PBXFileReference; fileEncoding = 4; lastKnownFileType = sourcecode.swift; path = ChatLogController.swift; sourceTree = "<group>"; };
		D426578F94882BD1E338C43A /* Pods-pokemongotradcenterios.debug.xcconfig */ = {isa = PBXFileReference; includeInIndex = 1; lastKnownFileType = text.xcconfig; name = "Pods-pokemongotradcenterios.debug.xcconfig"; path = "Pods/Target Support Files/Pods-pokemongotradcenterios/Pods-pokemongotradcenterios.debug.xcconfig"; sourceTree = "<group>"; };
/* End PBXFileReference section */

/* Begin PBXFrameworksBuildPhase section */
		CDADF07C1E0C6D39000C2927 /* Frameworks */ = {
			isa = PBXFrameworksBuildPhase;
			buildActionMask = 2147483647;
			files = (
				C416B40FC2DAF3F05CC3FF26 /* Pods_pokemongotradcenterios.framework in Frameworks */,
			);
			runOnlyForDeploymentPostprocessing = 0;
		};
/* End PBXFrameworksBuildPhase section */

/* Begin PBXGroup section */
		5C181064B51BEB2EC068D8AF /* Pods */ = {
			isa = PBXGroup;
			children = (
				D426578F94882BD1E338C43A /* Pods-pokemongotradcenterios.debug.xcconfig */,
				606609AAA3B742A7FA14B491 /* Pods-pokemongotradcenterios.release.xcconfig */,
			);
			name = Pods;
			sourceTree = "<group>";
		};
		CDADF0761E0C6D39000C2927 = {
			isa = PBXGroup;
			children = (
				CDADF0811E0C6D39000C2927 /* pokemongotradcenterios */,
				CDADF0801E0C6D39000C2927 /* Products */,
				5C181064B51BEB2EC068D8AF /* Pods */,
				E89CD9BEE7594884546747BE /* Frameworks */,
			);
			sourceTree = "<group>";
		};
		CDADF0801E0C6D39000C2927 /* Products */ = {
			isa = PBXGroup;
			children = (
				CDADF07F1E0C6D39000C2927 /* pokemongotradcenterios.app */,
			);
			name = Products;
			sourceTree = "<group>";
		};
		CDADF0811E0C6D39000C2927 /* pokemongotradcenterios */ = {
			isa = PBXGroup;
			children = (
				CD0FB6721E12AFCE001257A9 /* CustomCell.swift */,
				CDADF0821E0C6D39000C2927 /* AppDelegate.swift */,
				CDC01E801E0DB783001470E4 /* GoogleService-Info.plist */,
				CDADF0841E0C6D39000C2927 /* FirstViewController.swift */,
				CDADF0861E0C6D39000C2927 /* SecondViewController.swift */,
				CDADF0961E0C8E32000C2927 /* ThirdViewController.swift */,
				CDC01E821E0F40F4001470E4 /* AddPokemonViewController.swift */,
				CDADF0881E0C6D39000C2927 /* Main.storyboard */,
				CDADF08B1E0C6D39000C2927 /* Assets.xcassets */,
				CDADF08D1E0C6D39000C2927 /* LaunchScreen.storyboard */,
				CDADF0901E0C6D39000C2927 /* Info.plist */,
				CDC01E841E0F46D2001470E4 /* pokemonsNames.swift */,
				CD18BD671E10AC1F00C29972 /* Pokemon.swift */,
				CD18BD691E11B27100C29972 /* PopulatePokemons.swift */,
				CD0FB6761E12EECC001257A9 /* MyPokemonsController.swift */,
				CD0FB6781E130670001257A9 /* CustomCellMyPokemons.swift */,
				CDF0A0CE1E14E5EC00DF1269 /* ChatLogController.swift */,
				CDE338971E15C6DC00F97E48 /* SendMessageViewController.swift */,
				CD2DE5E91E16E02400899AFD /* Message.swift */,
				CD2DE5EB1E170FDD00899AFD /* ChatMessageCell.swift */,
			);
			path = pokemongotradcenterios;
			sourceTree = "<group>";
		};
		E89CD9BEE7594884546747BE /* Frameworks */ = {
			isa = PBXGroup;
			children = (
				2DEA0CA5C3F30CD1C427440D /* Pods_pokemongotradcenterios.framework */,
			);
			name = Frameworks;
			sourceTree = "<group>";
		};
/* End PBXGroup section */

/* Begin PBXNativeTarget section */
		CDADF07E1E0C6D39000C2927 /* pokemongotradcenterios */ = {
			isa = PBXNativeTarget;
			buildConfigurationList = CDADF0931E0C6D39000C2927 /* Build configuration list for PBXNativeTarget "pokemongotradcenterios" */;
			buildPhases = (
				ABDF59D4D4C173BCB06F2132 /* [CP] Check Pods Manifest.lock */,
				CDADF07B1E0C6D39000C2927 /* Sources */,
				CDADF07C1E0C6D39000C2927 /* Frameworks */,
				CDADF07D1E0C6D39000C2927 /* Resources */,
				E0396345F28F784B4DFFBFAE /* [CP] Embed Pods Frameworks */,
				FE3DA8B86F757C55906C0AAD /* [CP] Copy Pods Resources */,
			);
			buildRules = (
			);
			dependencies = (
			);
			name = pokemongotradcenterios;
			productName = pokemongotradcenterios;
			productReference = CDADF07F1E0C6D39000C2927 /* pokemongotradcenterios.app */;
			productType = "com.apple.product-type.application";
		};
/* End PBXNativeTarget section */

/* Begin PBXProject section */
		CDADF0771E0C6D39000C2927 /* Project object */ = {
			isa = PBXProject;
			attributes = {
				LastSwiftUpdateCheck = 0820;
				LastUpgradeCheck = 0820;
				ORGANIZATIONNAME = "Radi Barq";
				TargetAttributes = {
					CDADF07E1E0C6D39000C2927 = {
						CreatedOnToolsVersion = 8.2;
						DevelopmentTeam = PSFCZBNLMD;
						ProvisioningStyle = Automatic;
					};
				};
			};
			buildConfigurationList = CDADF07A1E0C6D39000C2927 /* Build configuration list for PBXProject "pokemongotradcenterios" */;
			compatibilityVersion = "Xcode 3.2";
			developmentRegion = English;
			hasScannedForEncodings = 0;
			knownRegions = (
				en,
				Base,
			);
			mainGroup = CDADF0761E0C6D39000C2927;
			productRefGroup = CDADF0801E0C6D39000C2927 /* Products */;
			projectDirPath = "";
			projectRoot = "";
			targets = (
				CDADF07E1E0C6D39000C2927 /* pokemongotradcenterios */,
			);
		};
/* End PBXProject section */

/* Begin PBXResourcesBuildPhase section */
		CDADF07D1E0C6D39000C2927 /* Resources */ = {
			isa = PBXResourcesBuildPhase;
			buildActionMask = 2147483647;
			files = (
				CDADF08F1E0C6D39000C2927 /* LaunchScreen.storyboard in Resources */,
				CDC01E811E0DB783001470E4 /* GoogleService-Info.plist in Resources */,
				CDADF08C1E0C6D39000C2927 /* Assets.xcassets in Resources */,
				CDADF08A1E0C6D39000C2927 /* Main.storyboard in Resources */,
			);
			runOnlyForDeploymentPostprocessing = 0;
		};
/* End PBXResourcesBuildPhase section */

/* Begin PBXShellScriptBuildPhase section */
		ABDF59D4D4C173BCB06F2132 /* [CP] Check Pods Manifest.lock */ = {
			isa = PBXShellScriptBuildPhase;
			buildActionMask = 2147483647;
			files = (
			);
			inputPaths = (
			);
			name = "[CP] Check Pods Manifest.lock";
			outputPaths = (
			);
			runOnlyForDeploymentPostprocessing = 0;
			shellPath = /bin/sh;
			shellScript = "diff \"${PODS_ROOT}/../Podfile.lock\" \"${PODS_ROOT}/Manifest.lock\" > /dev/null\nif [ $? != 0 ] ; then\n    # print error to STDERR\n    echo \"error: The sandbox is not in sync with the Podfile.lock. Run 'pod install' or update your CocoaPods installation.\" >&2\n    exit 1\nfi\n";
			showEnvVarsInLog = 0;
		};
		E0396345F28F784B4DFFBFAE /* [CP] Embed Pods Frameworks */ = {
			isa = PBXShellScriptBuildPhase;
			buildActionMask = 2147483647;
			files = (
			);
			inputPaths = (
			);
			name = "[CP] Embed Pods Frameworks";
			outputPaths = (
			);
			runOnlyForDeploymentPostprocessing = 0;
			shellPath = /bin/sh;
			shellScript = "\"${SRCROOT}/Pods/Target Support Files/Pods-pokemongotradcenterios/Pods-pokemongotradcenterios-frameworks.sh\"\n";
			showEnvVarsInLog = 0;
		};
		FE3DA8B86F757C55906C0AAD /* [CP] Copy Pods Resources */ = {
			isa = PBXShellScriptBuildPhase;
			buildActionMask = 2147483647;
			files = (
			);
			inputPaths = (
			);
			name = "[CP] Copy Pods Resources";
			outputPaths = (
			);
			runOnlyForDeploymentPostprocessing = 0;
			shellPath = /bin/sh;
			shellScript = "\"${SRCROOT}/Pods/Target Support Files/Pods-pokemongotradcenterios/Pods-pokemongotradcenterios-resources.sh\"\n";
			showEnvVarsInLog = 0;
		};
/* End PBXShellScriptBuildPhase section */

/* Begin PBXSourcesBuildPhase section */
		CDADF07B1E0C6D39000C2927 /* Sources */ = {
			isa = PBXSourcesBuildPhase;
			buildActionMask = 2147483647;
			files = (
				CDF0A0CF1E14E5EC00DF1269 /* ChatLogController.swift in Sources */,
				CD18BD681E10AC1F00C29972 /* Pokemon.swift in Sources */,
				CDC01E851E0F46D2001470E4 /* pokemonsNames.swift in Sources */,
				CDC01E831E0F40F4001470E4 /* AddPokemonViewController.swift in Sources */,
				CDADF0871E0C6D39000C2927 /* SecondViewController.swift in Sources */,
				CD0FB6731E12AFCE001257A9 /* CustomCell.swift in Sources */,
				CD2DE5EC1E170FDD00899AFD /* ChatMessageCell.swift in Sources */,
				CD0FB6791E130670001257A9 /* CustomCellMyPokemons.swift in Sources */,
				CDADF0831E0C6D39000C2927 /* AppDelegate.swift in Sources */,
				CDADF0971E0C8E32000C2927 /* ThirdViewController.swift in Sources */,
				CDADF0851E0C6D39000C2927 /* FirstViewController.swift in Sources */,
				CDE338981E15C6DC00F97E48 /* SendMessageViewController.swift in Sources */,
				CD18BD6A1E11B27100C29972 /* PopulatePokemons.swift in Sources */,
				CD0FB6771E12EECC001257A9 /* MyPokemonsController.swift in Sources */,
				CD2DE5EA1E16E02400899AFD /* Message.swift in Sources */,
			);
			runOnlyForDeploymentPostprocessing = 0;
		};
/* End PBXSourcesBuildPhase section */

/* Begin PBXVariantGroup section */
		CDADF0881E0C6D39000C2927 /* Main.storyboard */ = {
			isa = PBXVariantGroup;
			children = (
				CDADF0891E0C6D39000C2927 /* Base */,
			);
			name = Main.storyboard;
			sourceTree = "<group>";
		};
		CDADF08D1E0C6D39000C2927 /* LaunchScreen.storyboard */ = {
			isa = PBXVariantGroup;
			children = (
				CDADF08E1E0C6D39000C2927 /* Base */,
			);
			name = LaunchScreen.storyboard;
			sourceTree = "<group>";
		};
/* End PBXVariantGroup section */

/* Begin XCBuildConfiguration section */
		CDADF0911E0C6D39000C2927 /* Debug */ = {
			isa = XCBuildConfiguration;
			buildSettings = {
				ALWAYS_SEARCH_USER_PATHS = NO;
				CLANG_ANALYZER_NONNULL = YES;
				CLANG_CXX_LANGUAGE_STANDARD = "gnu++0x";
				CLANG_CXX_LIBRARY = "libc++";
				CLANG_ENABLE_MODULES = YES;
				CLANG_ENABLE_OBJC_ARC = YES;
				CLANG_WARN_BOOL_CONVERSION = YES;
				CLANG_WARN_CONSTANT_CONVERSION = YES;
				CLANG_WARN_DIRECT_OBJC_ISA_USAGE = YES_ERROR;
				CLANG_WARN_DOCUMENTATION_COMMENTS = YES;
				CLANG_WARN_EMPTY_BODY = YES;
				CLANG_WARN_ENUM_CONVERSION = YES;
				CLANG_WARN_INFINITE_RECURSION = YES;
				CLANG_WARN_INT_CONVERSION = YES;
				CLANG_WARN_OBJC_ROOT_CLASS = YES_ERROR;
				CLANG_WARN_SUSPICIOUS_MOVE = YES;
				CLANG_WARN_UNREACHABLE_CODE = YES;
				CLANG_WARN__DUPLICATE_METHOD_MATCH = YES;
				"CODE_SIGN_IDENTITY[sdk=iphoneos*]" = "iPhone Developer";
				COPY_PHASE_STRIP = NO;
				DEBUG_INFORMATION_FORMAT = dwarf;
				ENABLE_STRICT_OBJC_MSGSEND = YES;
				ENABLE_TESTABILITY = YES;
				GCC_C_LANGUAGE_STANDARD = gnu99;
				GCC_DYNAMIC_NO_PIC = NO;
				GCC_NO_COMMON_BLOCKS = YES;
				GCC_OPTIMIZATION_LEVEL = 0;
				GCC_PREPROCESSOR_DEFINITIONS = (
					"DEBUG=1",
					"$(inherited)",
				);
				GCC_WARN_64_TO_32_BIT_CONVERSION = YES;
				GCC_WARN_ABOUT_RETURN_TYPE = YES_ERROR;
				GCC_WARN_UNDECLARED_SELECTOR = YES;
				GCC_WARN_UNINITIALIZED_AUTOS = YES_AGGRESSIVE;
				GCC_WARN_UNUSED_FUNCTION = YES;
				GCC_WARN_UNUSED_VARIABLE = YES;
				IPHONEOS_DEPLOYMENT_TARGET = 10.2;
				MTL_ENABLE_DEBUG_INFO = YES;
				ONLY_ACTIVE_ARCH = YES;
				SDKROOT = iphoneos;
				SWIFT_ACTIVE_COMPILATION_CONDITIONS = DEBUG;
				SWIFT_OPTIMIZATION_LEVEL = "-Onone";
			};
			name = Debug;
		};
		CDADF0921E0C6D39000C2927 /* Release */ = {
			isa = XCBuildConfiguration;
			buildSettings = {
				ALWAYS_SEARCH_USER_PATHS = NO;
				CLANG_ANALYZER_NONNULL = YES;
				CLANG_CXX_LANGUAGE_STANDARD = "gnu++0x";
				CLANG_CXX_LIBRARY = "libc++";
				CLANG_ENABLE_MODULES = YES;
				CLANG_ENABLE_OBJC_ARC = YES;
				CLANG_WARN_BOOL_CONVERSION = YES;
				CLANG_WARN_CONSTANT_CONVERSION = YES;
				CLANG_WARN_DIRECT_OBJC_ISA_USAGE = YES_ERROR;
				CLANG_WARN_DOCUMENTATION_COMMENTS = YES;
				CLANG_WARN_EMPTY_BODY = YES;
				CLANG_WARN_ENUM_CONVERSION = YES;
				CLANG_WARN_INFINITE_RECURSION = YES;
				CLANG_WARN_INT_CONVERSION = YES;
				CLANG_WARN_OBJC_ROOT_CLASS = YES_ERROR;
				CLANG_WARN_SUSPICIOUS_MOVE = YES;
				CLANG_WARN_UNREACHABLE_CODE = YES;
				CLANG_WARN__DUPLICATE_METHOD_MATCH = YES;
				"CODE_SIGN_IDENTITY[sdk=iphoneos*]" = "iPhone Developer";
				COPY_PHASE_STRIP = NO;
				DEBUG_INFORMATION_FORMAT = "dwarf-with-dsym";
				ENABLE_NS_ASSERTIONS = NO;
				ENABLE_STRICT_OBJC_MSGSEND = YES;
				GCC_C_LANGUAGE_STANDARD = gnu99;
				GCC_NO_COMMON_BLOCKS = YES;
				GCC_WARN_64_TO_32_BIT_CONVERSION = YES;
				GCC_WARN_ABOUT_RETURN_TYPE = YES_ERROR;
				GCC_WARN_UNDECLARED_SELECTOR = YES;
				GCC_WARN_UNINITIALIZED_AUTOS = YES_AGGRESSIVE;
				GCC_WARN_UNUSED_FUNCTION = YES;
				GCC_WARN_UNUSED_VARIABLE = YES;
				IPHONEOS_DEPLOYMENT_TARGET = 10.2;
				MTL_ENABLE_DEBUG_INFO = NO;
				SDKROOT = iphoneos;
				SWIFT_OPTIMIZATION_LEVEL = "-Owholemodule";
				VALIDATE_PRODUCT = YES;
			};
			name = Release;
		};
		CDADF0941E0C6D39000C2927 /* Debug */ = {
			isa = XCBuildConfiguration;
			baseConfigurationReference = D426578F94882BD1E338C43A /* Pods-pokemongotradcenterios.debug.xcconfig */;
			buildSettings = {
				ASSETCATALOG_COMPILER_APPICON_NAME = AppIcon;
				DEVELOPMENT_TEAM = PSFCZBNLMD;
				INFOPLIST_FILE = pokemongotradcenterios/Info.plist;
				LD_RUNPATH_SEARCH_PATHS = "$(inherited) @executable_path/Frameworks";
				PRODUCT_BUNDLE_IDENTIFIER = com.example.radibarq.pokemongotradecenter.ios.pokemongotradcenterios;
				PRODUCT_NAME = "$(TARGET_NAME)";
				SWIFT_VERSION = 3.0;
			};
			name = Debug;
		};
		CDADF0951E0C6D39000C2927 /* Release */ = {
			isa = XCBuildConfiguration;
			baseConfigurationReference = 606609AAA3B742A7FA14B491 /* Pods-pokemongotradcenterios.release.xcconfig */;
			buildSettings = {
				ASSETCATALOG_COMPILER_APPICON_NAME = AppIcon;
				DEVELOPMENT_TEAM = PSFCZBNLMD;
				INFOPLIST_FILE = pokemongotradcenterios/Info.plist;
				LD_RUNPATH_SEARCH_PATHS = "$(inherited) @executable_path/Frameworks";
				PRODUCT_BUNDLE_IDENTIFIER = com.example.radibarq.pokemongotradecenter.ios.pokemongotradcenterios;
				PRODUCT_NAME = "$(TARGET_NAME)";
				SWIFT_VERSION = 3.0;
			};
			name = Release;
		};
/* End XCBuildConfiguration section */

/* Begin XCConfigurationList section */
		CDADF07A1E0C6D39000C2927 /* Build configuration list for PBXProject "pokemongotradcenterios" */ = {
			isa = XCConfigurationList;
			buildConfigurations = (
				CDADF0911E0C6D39000C2927 /* Debug */,
				CDADF0921E0C6D39000C2927 /* Release */,
			);
			defaultConfigurationIsVisible = 0;
			defaultConfigurationName = Release;
		};
		CDADF0931E0C6D39000C2927 /* Build configuration list for PBXNativeTarget "pokemongotradcenterios" */ = {
			isa = XCConfigurationList;
			buildConfigurations = (
				CDADF0941E0C6D39000C2927 /* Debug */,
				CDADF0951E0C6D39000C2927 /* Release */,
			);
			defaultConfigurationIsVisible = 0;
			defaultConfigurationName = Release;
		};
/* End XCConfigurationList section */
	};
	rootObject = CDADF0771E0C6D39000C2927 /* Project object */;
}
